<?xml version="1.0" encoding="utf-8"?>
<Project ToolsVersion="4.0" xmlns="http://schemas.microsoft.com/developer/msbuild/2003">
  <ItemGroup>
    <Filter Include="Source Files">
      <UniqueIdentifier>{4FC737F1-C7A5-4376-A066-2A32D752A2FF}</UniqueIdentifier>
      <Extensions>cpp;c;cc;cxx;def;odl;idl;hpj;bat;asm;asmx</Extensions>
    </Filter>
    <Filter Include="Header Files">
      <UniqueIdentifier>{93995380-89BD-4b04-88EB-625FBE52EBFB}</UniqueIdentifier>
      <Extensions>h;hh;hpp;hxx;hm;inl;inc;xsd</Extensions>
    </Filter>
    <Filter Include="Resource Files">
      <UniqueIdentifier>{67DA6AB6-F800-4c08-8B7A-83BB121AAD01}</UniqueIdentifier>
      <Extensions>rc;ico;cur;bmp;dlg;rc2;rct;bin;rgs;gif;jpg;jpeg;jpe;resx;tiff;tif;png;wav;mfcribbon-ms</Extensions>
    </Filter>
    <Filter Include="Source Files\mouse">
      <UniqueIdentifier>{3cc864c6-a755-4f7a-ba04-abc289fba14b}</UniqueIdentifier>
    </Filter>
    <Filter Include="Source Files\base">
      <UniqueIdentifier>{ee865657-b894-45fd-b34d-1bb38f0d0526}</UniqueIdentifier>
    </Filter>
    <Filter Include="Source Files\cat">
      <UniqueIdentifier>{cc46e940-f766-486d-8ac7-b4f91d8ccc97}</UniqueIdentifier>
    </Filter>
    <Filter Include="Source Files\big_cat">
      <UniqueIdentifier>{e1f5a8f3-b8cc-450d-b760-d3780b7e3fdc}</UniqueIdentifier>
    </Filter>
    <Filter Include="Source Files\item">
      <UniqueIdentifier>{c553fecf-13f3-4337-a9ec-bac0c4743688}</UniqueIdentifier>
    </Filter>
    <Filter Include="Source Files\rope">
      <UniqueIdentifier>{93ca7a48-4cca-4c2d-9eb9-20b4db4357c1}</UniqueIdentifier>
    </Filter>
    <Filter Include="Source Files\door">
      <UniqueIdentifier>{c379c456-436e-45df-b0a0-380adbcd97e2}</UniqueIdentifier>
    </Filter>
    <Filter Include="Source Files\rainbow_door">
      <UniqueIdentifier>{07eb3e52-f9fc-4eff-98e5-9ed62fc786a7}</UniqueIdentifier>
    </Filter>
    <Filter Include="Source Files\level">
      <UniqueIdentifier>{bf532615-991c-457d-9602-9fed8eba3f71}</UniqueIdentifier>
    </Filter>
  </ItemGroup>
  <ItemGroup>
    <ClCompile Include="main.cpp">
      <Filter>Source Files</Filter>
    </ClCompile>
    <ClCompile Include="avancezlib.cpp">
      <Filter>Source Files</Filter>
    </ClCompile>
    <ClCompile Include="tile.cpp">
      <Filter>Source Files\level</Filter>
    </ClCompile>
    <ClCompile Include="component.cpp">
      <Filter>Source Files\base</Filter>
    </ClCompile>
    <ClCompile Include="game_entity.cpp">
      <Filter>Source Files\base</Filter>
    </ClCompile>
    <ClCompile Include="entity_state.cpp">
      <Filter>Source Files\base</Filter>
    </ClCompile>
    <ClCompile Include="mouse_behavior_component.cpp">
      <Filter>Source Files\mouse</Filter>
    </ClCompile>
    <ClCompile Include="mouse_sprite_state.cpp">
      <Filter>Source Files\mouse</Filter>
    </ClCompile>
    <ClCompile Include="level.cpp">
      <Filter>Source Files\level</Filter>
    </ClCompile>
    <ClCompile Include="tile_sprite_state.cpp">
      <Filter>Source Files\level</Filter>
    </ClCompile>
  </ItemGroup>
  <ItemGroup>
    <ClInclude Include="mouse.h">
      <Filter>Source Files\mouse</Filter>
    </ClInclude>
    <ClInclude Include="game_entity.h">
      <Filter>Source Files\base</Filter>
    </ClInclude>
    <ClInclude Include="tile.h">
      <Filter>Source Files\level</Filter>
    </ClInclude>
    <ClInclude Include="global_constant.h">
      <Filter>Source Files</Filter>
    </ClInclude>
    <ClInclude Include="avancezlib.h">
      <Filter>Source Files</Filter>
    </ClInclude>
    <ClInclude Include="component.h">
      <Filter>Source Files\base</Filter>
    </ClInclude>
    <ClInclude Include="object_pool.h">
      <Filter>Source Files</Filter>
    </ClInclude>
    <ClInclude Include="entity_state.h">
      <Filter>Source Files\base</Filter>
    </ClInclude>
    <ClInclude Include="mouse_behavior_component.h">
      <Filter>Source Files\mouse</Filter>
    </ClInclude>
    <ClInclude Include="mouse_sprite_state.h">
      <Filter>Source Files\mouse</Filter>
    </ClInclude>
    <ClInclude Include="sprite_state_interface.h">
      <Filter>Source Files\base</Filter>
    </ClInclude>
    <ClInclude Include="game.h">
      <Filter>Source Files</Filter>
    </ClInclude>
    <ClInclude Include="level.h">
      <Filter>Source Files\level</Filter>
    </ClInclude>
    <ClInclude Include="tile_sprite_state.h">
      <Filter>Source Files\level</Filter>
    </ClInclude>
    <ClInclude Include="message.h">
      <Filter>Source Files</Filter>
    </ClInclude>
    <ClInclude Include="collision_rule_interface.h">
      <Filter>Source Files\base</Filter>
    </ClInclude>
    <ClInclude Include="mouse_collision_rule.h">
      <Filter>Source Files\mouse</Filter>
    </ClInclude>
    <ClInclude Include="rope.h">
      <Filter>Source Files\level</Filter>
    </ClInclude>
    <ClInclude Include="rope_sprite_state.h">
      <Filter>Source Files\level</Filter>
    </ClInclude>
  </ItemGroup>
</Project>